// !$*UTF8*$!
{
	archiveVersion = 1;
	classes = {
	};
	objectVersion = 51;
	objects = {

/* Begin PBXBuildFile section */
		1D8AD14926E2AE750033F63F /* Category.swift in Sources */ = {isa = PBXBuildFile; fileRef = 1D8AD14826E2AE750033F63F /* Category.swift */; };
		1D8AD14B26E2AE810033F63F /* Item.swift in Sources */ = {isa = PBXBuildFile; fileRef = 1D8AD14A26E2AE810033F63F /* Item.swift */; };
		1D90836426DCF01D00A4111F /* AppDelegate.swift in Sources */ = {isa = PBXBuildFile; fileRef = 1D90836326DCF01D00A4111F /* AppDelegate.swift */; };
		1D90836626DCF01D00A4111F /* SceneDelegate.swift in Sources */ = {isa = PBXBuildFile; fileRef = 1D90836526DCF01D00A4111F /* SceneDelegate.swift */; };
		1D90836826DCF01D00A4111F /* TodolistViewController.swift in Sources */ = {isa = PBXBuildFile; fileRef = 1D90836726DCF01D00A4111F /* TodolistViewController.swift */; };
		1D90836B26DCF01D00A4111F /* Main.storyboard in Resources */ = {isa = PBXBuildFile; fileRef = 1D90836926DCF01D00A4111F /* Main.storyboard */; };
		1D90837026DCF01D00A4111F /* Assets.xcassets in Resources */ = {isa = PBXBuildFile; fileRef = 1D90836F26DCF01D00A4111F /* Assets.xcassets */; };
		1D90837326DCF01D00A4111F /* LaunchScreen.storyboard in Resources */ = {isa = PBXBuildFile; fileRef = 1D90837126DCF01D00A4111F /* LaunchScreen.storyboard */; };
		1D90837C26DD102600A4111F /* Constants.swift in Sources */ = {isa = PBXBuildFile; fileRef = 1D90837B26DD102600A4111F /* Constants.swift */; };
		1DDECB0926E2717900B729AF /* CategoryViewController.swift in Sources */ = {isa = PBXBuildFile; fileRef = 1DDECB0826E2717900B729AF /* CategoryViewController.swift */; };
		3316051CF134779408E00414 /* Pods_TodoeyApp.framework in Frameworks */ = {isa = PBXBuildFile; fileRef = 1A0C7B835F2E60651DBFB191 /* Pods_TodoeyApp.framework */; };
/* End PBXBuildFile section */

/* Begin PBXFileReference section */
		1A0C7B835F2E60651DBFB191 /* Pods_TodoeyApp.framework */ = {isa = PBXFileReference; explicitFileType = wrapper.framework; includeInIndex = 0; path = Pods_TodoeyApp.framework; sourceTree = BUILT_PRODUCTS_DIR; };
		1D8AD14826E2AE750033F63F /* Category.swift */ = {isa = PBXFileReference; lastKnownFileType = sourcecode.swift; path = Category.swift; sourceTree = "<group>"; };
		1D8AD14A26E2AE810033F63F /* Item.swift */ = {isa = PBXFileReference; lastKnownFileType = sourcecode.swift; path = Item.swift; sourceTree = "<group>"; };
		1D90836026DCF01D00A4111F /* TodoeyApp.app */ = {isa = PBXFileReference; explicitFileType = wrapper.application; includeInIndex = 0; path = TodoeyApp.app; sourceTree = BUILT_PRODUCTS_DIR; };
		1D90836326DCF01D00A4111F /* AppDelegate.swift */ = {isa = PBXFileReference; lastKnownFileType = sourcecode.swift; path = AppDelegate.swift; sourceTree = "<group>"; };
		1D90836526DCF01D00A4111F /* SceneDelegate.swift */ = {isa = PBXFileReference; lastKnownFileType = sourcecode.swift; path = SceneDelegate.swift; sourceTree = "<group>"; };
		1D90836726DCF01D00A4111F /* TodolistViewController.swift */ = {isa = PBXFileReference; lastKnownFileType = sourcecode.swift; path = TodolistViewController.swift; sourceTree = "<group>"; };
		1D90836A26DCF01D00A4111F /* Base */ = {isa = PBXFileReference; lastKnownFileType = file.storyboard; name = Base; path = Base.lproj/Main.storyboard; sourceTree = "<group>"; };
		1D90836F26DCF01D00A4111F /* Assets.xcassets */ = {isa = PBXFileReference; lastKnownFileType = folder.assetcatalog; path = Assets.xcassets; sourceTree = "<group>"; };
		1D90837226DCF01D00A4111F /* Base */ = {isa = PBXFileReference; lastKnownFileType = file.storyboard; name = Base; path = Base.lproj/LaunchScreen.storyboard; sourceTree = "<group>"; };
		1D90837426DCF01D00A4111F /* Info.plist */ = {isa = PBXFileReference; lastKnownFileType = text.plist.xml; path = Info.plist; sourceTree = "<group>"; };
		1D90837B26DD102600A4111F /* Constants.swift */ = {isa = PBXFileReference; lastKnownFileType = sourcecode.swift; path = Constants.swift; sourceTree = "<group>"; };
		1DDECB0826E2717900B729AF /* CategoryViewController.swift */ = {isa = PBXFileReference; lastKnownFileType = sourcecode.swift; path = CategoryViewController.swift; sourceTree = "<group>"; };
		E0E8574011A017A691DC2D6D /* Pods-TodoeyApp.debug.xcconfig */ = {isa = PBXFileReference; includeInIndex = 1; lastKnownFileType = text.xcconfig; name = "Pods-TodoeyApp.debug.xcconfig"; path = "Target Support Files/Pods-TodoeyApp/Pods-TodoeyApp.debug.xcconfig"; sourceTree = "<group>"; };
		F2A2701D1550517111E354AA /* Pods-TodoeyApp.release.xcconfig */ = {isa = PBXFileReference; includeInIndex = 1; lastKnownFileType = text.xcconfig; name = "Pods-TodoeyApp.release.xcconfig"; path = "Target Support Files/Pods-TodoeyApp/Pods-TodoeyApp.release.xcconfig"; sourceTree = "<group>"; };
/* End PBXFileReference section */

/* Begin PBXFrameworksBuildPhase section */
		1D90835D26DCF01D00A4111F /* Frameworks */ = {
			isa = PBXFrameworksBuildPhase;
			buildActionMask = 2147483647;
			files = (
				3316051CF134779408E00414 /* Pods_TodoeyApp.framework in Frameworks */,
			);
			runOnlyForDeploymentPostprocessing = 0;
		};
/* End PBXFrameworksBuildPhase section */

/* Begin PBXGroup section */
		1D90835726DCF01D00A4111F = {
			isa = PBXGroup;
			children = (
				1D90836226DCF01D00A4111F /* TodoeyApp */,
				1D90836126DCF01D00A4111F /* Products */,
				565F9379EE71EF1F3CA0637D /* Pods */,
				73753B19CC838E4BDC9BEBEF /* Frameworks */,
			);
			sourceTree = "<group>";
		};
		1D90836126DCF01D00A4111F /* Products */ = {
			isa = PBXGroup;
			children = (
				1D90836026DCF01D00A4111F /* TodoeyApp.app */,
			);
			name = Products;
			sourceTree = "<group>";
		};
		1D90836226DCF01D00A4111F /* TodoeyApp */ = {
			isa = PBXGroup;
			children = (
				1D90836326DCF01D00A4111F /* AppDelegate.swift */,
				1DB3CE4526DE2E9F00A3935B /* Data Model */,
				1DB3CE4626DE2EA800A3935B /* View */,
				1DB3CE4726DE2EB400A3935B /* Controllers */,
				1D90837A26DD101900A4111F /* Constants */,
				1DB3CE4426DE2E8200A3935B /* Supporting Files */,
				1D90837426DCF01D00A4111F /* Info.plist */,
			);
			path = TodoeyApp;
			sourceTree = "<group>";
		};
		1D90837A26DD101900A4111F /* Constants */ = {
			isa = PBXGroup;
			children = (
				1D90837B26DD102600A4111F /* Constants.swift */,
			);
			path = Constants;
			sourceTree = "<group>";
		};
		1DB3CE4426DE2E8200A3935B /* Supporting Files */ = {
			isa = PBXGroup;
			children = (
				1D90836526DCF01D00A4111F /* SceneDelegate.swift */,
				1D90836F26DCF01D00A4111F /* Assets.xcassets */,
				1D90837126DCF01D00A4111F /* LaunchScreen.storyboard */,
			);
			path = "Supporting Files";
			sourceTree = "<group>";
		};
		1DB3CE4526DE2E9F00A3935B /* Data Model */ = {
			isa = PBXGroup;
			children = (
				1D8AD14826E2AE750033F63F /* Category.swift */,
				1D8AD14A26E2AE810033F63F /* Item.swift */,
			);
			path = "Data Model";
			sourceTree = "<group>";
		};
		1DB3CE4626DE2EA800A3935B /* View */ = {
			isa = PBXGroup;
			children = (
				1D90836926DCF01D00A4111F /* Main.storyboard */,
			);
			path = View;
			sourceTree = "<group>";
		};
		1DB3CE4726DE2EB400A3935B /* Controllers */ = {
			isa = PBXGroup;
			children = (
				1D90836726DCF01D00A4111F /* TodolistViewController.swift */,
				1DDECB0826E2717900B729AF /* CategoryViewController.swift */,
			);
			path = Controllers;
			sourceTree = "<group>";
		};
		565F9379EE71EF1F3CA0637D /* Pods */ = {
			isa = PBXGroup;
			children = (
				E0E8574011A017A691DC2D6D /* Pods-TodoeyApp.debug.xcconfig */,
				F2A2701D1550517111E354AA /* Pods-TodoeyApp.release.xcconfig */,
			);
			path = Pods;
			sourceTree = "<group>";
		};
		73753B19CC838E4BDC9BEBEF /* Frameworks */ = {
			isa = PBXGroup;
			children = (
				1A0C7B835F2E60651DBFB191 /* Pods_TodoeyApp.framework */,
			);
			name = Frameworks;
			sourceTree = "<group>";
		};
/* End PBXGroup section */

/* Begin PBXNativeTarget section */
		1D90835F26DCF01D00A4111F /* TodoeyApp */ = {
			isa = PBXNativeTarget;
			buildConfigurationList = 1D90837726DCF01D00A4111F /* Build configuration list for PBXNativeTarget "TodoeyApp" */;
			buildPhases = (
				ECEB3B0B0985F25A462BDD1E /* [CP] Check Pods Manifest.lock */,
				1D90835C26DCF01D00A4111F /* Sources */,
				1D90835D26DCF01D00A4111F /* Frameworks */,
				1D90835E26DCF01D00A4111F /* Resources */,
				B290BF6D783912A13EE5A07C /* [CP] Embed Pods Frameworks */,
			);
			buildRules = (
			);
			dependencies = (
			);
			name = TodoeyApp;
			productName = TodoeyApp;
			productReference = 1D90836026DCF01D00A4111F /* TodoeyApp.app */;
			productType = "com.apple.product-type.application";
		};
/* End PBXNativeTarget section */

/* Begin PBXProject section */
		1D90835826DCF01D00A4111F /* Project object */ = {
			isa = PBXProject;
			attributes = {
				LastSwiftUpdateCheck = 1250;
				LastUpgradeCheck = 1250;
				TargetAttributes = {
					1D90835F26DCF01D00A4111F = {
						CreatedOnToolsVersion = 12.5.1;
					};
				};
			};
			buildConfigurationList = 1D90835B26DCF01D00A4111F /* Build configuration list for PBXProject "TodoeyApp" */;
			compatibilityVersion = "Xcode 9.3";
			developmentRegion = en;
			hasScannedForEncodings = 0;
			knownRegions = (
				en,
				Base,
			);
			mainGroup = 1D90835726DCF01D00A4111F;
			productRefGroup = 1D90836126DCF01D00A4111F /* Products */;
			projectDirPath = "";
			projectRoot = "";
			targets = (
				1D90835F26DCF01D00A4111F /* TodoeyApp */,
			);
		};
/* End PBXProject section */

/* Begin PBXResourcesBuildPhase section */
		1D90835E26DCF01D00A4111F /* Resources */ = {
			isa = PBXResourcesBuildPhase;
			buildActionMask = 2147483647;
			files = (
				1D90837326DCF01D00A4111F /* LaunchScreen.storyboard in Resources */,
				1D90837026DCF01D00A4111F /* Assets.xcassets in Resources */,
				1D90836B26DCF01D00A4111F /* Main.storyboard in Resources */,
			);
			runOnlyForDeploymentPostprocessing = 0;
		};
/* End PBXResourcesBuildPhase section */

/* Begin PBXShellScriptBuildPhase section */
		B290BF6D783912A13EE5A07C /* [CP] Embed Pods Frameworks */ = {
			isa = PBXShellScriptBuildPhase;
			buildActionMask = 2147483647;
			files = (
			);
			inputFileListPaths = (
				"${PODS_ROOT}/Target Support Files/Pods-TodoeyApp/Pods-TodoeyApp-frameworks-${CONFIGURATION}-input-files.xcfilelist",
			);
			name = "[CP] Embed Pods Frameworks";
			outputFileListPaths = (
				"${PODS_ROOT}/Target Support Files/Pods-TodoeyApp/Pods-TodoeyApp-frameworks-${CONFIGURATION}-output-files.xcfilelist",
			);
			runOnlyForDeploymentPostprocessing = 0;
			shellPath = /bin/sh;
			shellScript = "\"${PODS_ROOT}/Target Support Files/Pods-TodoeyApp/Pods-TodoeyApp-frameworks.sh\"\n";
			showEnvVarsInLog = 0;
		};
		ECEB3B0B0985F25A462BDD1E /* [CP] Check Pods Manifest.lock */ = {
			isa = PBXShellScriptBuildPhase;
			buildActionMask = 2147483647;
			files = (
			);
			inputFileListPaths = (
			);
			inputPaths = (
				"${PODS_PODFILE_DIR_PATH}/Podfile.lock",
				"${PODS_ROOT}/Manifest.lock",
			);
			name = "[CP] Check Pods Manifest.lock";
			outputFileListPaths = (
			);
			outputPaths = (
				"$(DERIVED_FILE_DIR)/Pods-TodoeyApp-checkManifestLockResult.txt",
			);
			runOnlyForDeploymentPostprocessing = 0;
			shellPath = /bin/sh;
			shellScript = "diff \"${PODS_PODFILE_DIR_PATH}/Podfile.lock\" \"${PODS_ROOT}/Manifest.lock\" > /dev/null\nif [ $? != 0 ] ; then\n    # print error to STDERR\n    echo \"error: The sandbox is not in sync with the Podfile.lock. Run 'pod install' or update your CocoaPods installation.\" >&2\n    exit 1\nfi\n# This output is used by Xcode 'outputs' to avoid re-running this script phase.\necho \"SUCCESS\" > \"${SCRIPT_OUTPUT_FILE_0}\"\n";
			showEnvVarsInLog = 0;
		};
/* End PBXShellScriptBuildPhase section */

/* Begin PBXSourcesBuildPhase section */
		1D90835C26DCF01D00A4111F /* Sources */ = {
			isa = PBXSourcesBuildPhase;
			buildActionMask = 2147483647;
			files = (
				1D8AD14B26E2AE810033F63F /* Item.swift in Sources */,
				1D90837C26DD102600A4111F /* Constants.swift in Sources */,
				1D90836826DCF01D00A4111F /* TodolistViewController.swift in Sources */,
				1D90836426DCF01D00A4111F /* AppDelegate.swift in Sources */,
				1D90836626DCF01D00A4111F /* SceneDelegate.swift in Sources */,
				1DDECB0926E2717900B729AF /* CategoryViewController.swift in Sources */,
				1D8AD14926E2AE750033F63F /* Category.swift in Sources */,
			);
			runOnlyForDeploymentPostprocessing = 0;
		};
/* End PBXSourcesBuildPhase section */

/* Begin PBXVariantGroup section */
		1D90836926DCF01D00A4111F /* Main.storyboard */ = {
			isa = PBXVariantGroup;
			children = (
				1D90836A26DCF01D00A4111F /* Base */,
			);
			name = Main.storyboard;
			sourceTree = "<group>";
		};
		1D90837126DCF01D00A4111F /* LaunchScreen.storyboard */ = {
			isa = PBXVariantGroup;
			children = (
				1D90837226DCF01D00A4111F /* Base */,
			);
			name = LaunchScreen.storyboard;
			sourceTree = "<group>";
		};
/* End PBXVariantGroup section */

/* Begin XCBuildConfiguration section */
		1D90837526DCF01D00A4111F /* Debug */ = {
			isa = XCBuildConfiguration;
			buildSettings = {
				ALWAYS_SEARCH_USER_PATHS = NO;
				CLANG_ANALYZER_NONNULL = YES;
				CLANG_ANALYZER_NUMBER_OBJECT_CONVERSION = YES_AGGRESSIVE;
				CLANG_CXX_LANGUAGE_STANDARD = "gnu++14";
				CLANG_CXX_LIBRARY = "libc++";
				CLANG_ENABLE_MODULES = YES;
				CLANG_ENABLE_OBJC_ARC = YES;
				CLANG_ENABLE_OBJC_WEAK = YES;
				CLANG_WARN_BLOCK_CAPTURE_AUTORELEASING = YES;
				CLANG_WARN_BOOL_CONVERSION = YES;
				CLANG_WARN_COMMA = YES;
				CLANG_WARN_CONSTANT_CONVERSION = YES;
				CLANG_WARN_DEPRECATED_OBJC_IMPLEMENTATIONS = YES;
				CLANG_WARN_DIRECT_OBJC_ISA_USAGE = YES_ERROR;
				CLANG_WARN_DOCUMENTATION_COMMENTS = YES;
				CLANG_WARN_EMPTY_BODY = YES;
				CLANG_WARN_ENUM_CONVERSION = YES;
				CLANG_WARN_INFINITE_RECURSION = YES;
				CLANG_WARN_INT_CONVERSION = YES;
				CLANG_WARN_NON_LITERAL_NULL_CONVERSION = YES;
				CLANG_WARN_OBJC_IMPLICIT_RETAIN_SELF = YES;
				CLANG_WARN_OBJC_LITERAL_CONVERSION = YES;
				CLANG_WARN_OBJC_ROOT_CLASS = YES_ERROR;
				CLANG_WARN_QUOTED_INCLUDE_IN_FRAMEWORK_HEADER = YES;
				CLANG_WARN_RANGE_LOOP_ANALYSIS = YES;
				CLANG_WARN_STRICT_PROTOTYPES = YES;
				CLANG_WARN_SUSPICIOUS_MOVE = YES;
				CLANG_WARN_UNGUARDED_AVAILABILITY = YES_AGGRESSIVE;
				CLANG_WARN_UNREACHABLE_CODE = YES;
				CLANG_WARN__DUPLICATE_METHOD_MATCH = YES;
				COPY_PHASE_STRIP = NO;
				DEBUG_INFORMATION_FORMAT = dwarf;
				ENABLE_STRICT_OBJC_MSGSEND = YES;
				ENABLE_TESTABILITY = YES;
				GCC_C_LANGUAGE_STANDARD = gnu11;
				GCC_DYNAMIC_NO_PIC = NO;
				GCC_NO_COMMON_BLOCKS = YES;
				GCC_OPTIMIZATION_LEVEL = 0;
				GCC_PREPROCESSOR_DEFINITIONS = (
					"DEBUG=1",
					"$(inherited)",
				);
				GCC_WARN_64_TO_32_BIT_CONVERSION = YES;
				GCC_WARN_ABOUT_RETURN_TYPE = YES_ERROR;
				GCC_WARN_UNDECLARED_SELECTOR = YES;
				GCC_WARN_UNINITIALIZED_AUTOS = YES_AGGRESSIVE;
				GCC_WARN_UNUSED_FUNCTION = YES;
				GCC_WARN_UNUSED_VARIABLE = YES;
				IPHONEOS_DEPLOYMENT_TARGET = 14.5;
				MTL_ENABLE_DEBUG_INFO = INCLUDE_SOURCE;
				MTL_FAST_MATH = YES;
				ONLY_ACTIVE_ARCH = YES;
				SDKROOT = iphoneos;
				SWIFT_ACTIVE_COMPILATION_CONDITIONS = DEBUG;
				SWIFT_OPTIMIZATION_LEVEL = "-Onone";
			};
			name = Debug;
		};
		1D90837626DCF01D00A4111F /* Release */ = {
			isa = XCBuildConfiguration;
			buildSettings = {
				ALWAYS_SEARCH_USER_PATHS = NO;
				CLANG_ANALYZER_NONNULL = YES;
				CLANG_ANALYZER_NUMBER_OBJECT_CONVERSION = YES_AGGRESSIVE;
				CLANG_CXX_LANGUAGE_STANDARD = "gnu++14";
				CLANG_CXX_LIBRARY = "libc++";
				CLANG_ENABLE_MODULES = YES;
				CLANG_ENABLE_OBJC_ARC = YES;
				CLANG_ENABLE_OBJC_WEAK = YES;
				CLANG_WARN_BLOCK_CAPTURE_AUTORELEASING = YES;
				CLANG_WARN_BOOL_CONVERSION = YES;
				CLANG_WARN_COMMA = YES;
				CLANG_WARN_CONSTANT_CONVERSION = YES;
				CLANG_WARN_DEPRECATED_OBJC_IMPLEMENTATIONS = YES;
				CLANG_WARN_DIRECT_OBJC_ISA_USAGE = YES_ERROR;
				CLANG_WARN_DOCUMENTATION_COMMENTS = YES;
				CLANG_WARN_EMPTY_BODY = YES;
				CLANG_WARN_ENUM_CONVERSION = YES;
				CLANG_WARN_INFINITE_RECURSION = YES;
				CLANG_WARN_INT_CONVERSION = YES;
				CLANG_WARN_NON_LITERAL_NULL_CONVERSION = YES;
				CLANG_WARN_OBJC_IMPLICIT_RETAIN_SELF = YES;
				CLANG_WARN_OBJC_LITERAL_CONVERSION = YES;
				CLANG_WARN_OBJC_ROOT_CLASS = YES_ERROR;
				CLANG_WARN_QUOTED_INCLUDE_IN_FRAMEWORK_HEADER = YES;
				CLANG_WARN_RANGE_LOOP_ANALYSIS = YES;
				CLANG_WARN_STRICT_PROTOTYPES = YES;
				CLANG_WARN_SUSPICIOUS_MOVE = YES;
				CLANG_WARN_UNGUARDED_AVAILABILITY = YES_AGGRESSIVE;
				CLANG_WARN_UNREACHABLE_CODE = YES;
				CLANG_WARN__DUPLICATE_METHOD_MATCH = YES;
				COPY_PHASE_STRIP = NO;
				DEBUG_INFORMATION_FORMAT = "dwarf-with-dsym";
				ENABLE_NS_ASSERTIONS = NO;
				ENABLE_STRICT_OBJC_MSGSEND = YES;
				GCC_C_LANGUAGE_STANDARD = gnu11;
				GCC_NO_COMMON_BLOCKS = YES;
				GCC_WARN_64_TO_32_BIT_CONVERSION = YES;
				GCC_WARN_ABOUT_RETURN_TYPE = YES_ERROR;
				GCC_WARN_UNDECLARED_SELECTOR = YES;
				GCC_WARN_UNINITIALIZED_AUTOS = YES_AGGRESSIVE;
				GCC_WARN_UNUSED_FUNCTION = YES;
				GCC_WARN_UNUSED_VARIABLE = YES;
				IPHONEOS_DEPLOYMENT_TARGET = 14.5;
				MTL_ENABLE_DEBUG_INFO = NO;
				MTL_FAST_MATH = YES;
				SDKROOT = iphoneos;
				SWIFT_COMPILATION_MODE = wholemodule;
				SWIFT_OPTIMIZATION_LEVEL = "-O";
				VALIDATE_PRODUCT = YES;
			};
			name = Release;
		};
		1D90837826DCF01D00A4111F /* Debug */ = {
			isa = XCBuildConfiguration;
			baseConfigurationReference = E0E8574011A017A691DC2D6D /* Pods-TodoeyApp.debug.xcconfig */;
			buildSettings = {
				ASSETCATALOG_COMPILER_APPICON_NAME = AppIcon;
				ASSETCATALOG_COMPILER_GLOBAL_ACCENT_COLOR_NAME = AccentColor;
				CODE_SIGN_STYLE = Automatic;
				DEVELOPMENT_TEAM = K64M8673AP;
				INFOPLIST_FILE = TodoeyApp/Info.plist;
				LD_RUNPATH_SEARCH_PATHS = (
					"$(inherited)",
					"@executable_path/Frameworks",
				);
				PRODUCT_BUNDLE_IDENTIFIER = com.jasursalimov.TodoeyApp;
				PRODUCT_NAME = "$(TARGET_NAME)";
				SWIFT_VERSION = 5.0;
				TARGETED_DEVICE_FAMILY = "1,2";
			};
			name = Debug;
		};
		1D90837926DCF01D00A4111F /* Release */ = {
			isa = XCBuildConfiguration;
			baseConfigurationReference = F2A2701D1550517111E354AA /* Pods-TodoeyApp.release.xcconfig */;
			buildSettings = {
				ASSETCATALOG_COMPILER_APPICON_NAME = AppIcon;
				ASSETCATALOG_COMPILER_GLOBAL_ACCENT_COLOR_NAME = AccentColor;
				CODE_SIGN_STYLE = Automatic;
				DEVELOPMENT_TEAM = K64M8673AP;
				INFOPLIST_FILE = TodoeyApp/Info.plist;
				LD_RUNPATH_SEARCH_PATHS = (
					"$(inherited)",
					"@executable_path/Frameworks",
				);
				PRODUCT_BUNDLE_IDENTIFIER = com.jasursalimov.TodoeyApp;
				PRODUCT_NAME = "$(TARGET_NAME)";
				SWIFT_VERSION = 5.0;
				TARGETED_DEVICE_FAMILY = "1,2";
			};
			name = Release;
		};
/* End XCBuildConfiguration section */

/* Begin XCConfigurationList section */
		1D90835B26DCF01D00A4111F /* Build configuration list for PBXProject "TodoeyApp" */ = {
			isa = XCConfigurationList;
			buildConfigurations = (
				1D90837526DCF01D00A4111F /* Debug */,
				1D90837626DCF01D00A4111F /* Release */,
			);
			defaultConfigurationIsVisible = 0;
			defaultConfigurationName = Release;
		};
		1D90837726DCF01D00A4111F /* Build configuration list for PBXNativeTarget "TodoeyApp" */ = {
			isa = XCConfigurationList;
			buildConfigurations = (
				1D90837826DCF01D00A4111F /* Debug */,
				1D90837926DCF01D00A4111F /* Release */,
			);
			defaultConfigurationIsVisible = 0;
			defaultConfigurationName = Release;
		};
/* End XCConfigurationList section */
	};
	rootObject = 1D90835826DCF01D00A4111F /* Project object */;
}
